
Microsoft Visual Studio Solution File, Format Version 12.00
# Visual Studio Version 17
VisualStudioVersion = 17.3.32804.467
MinimumVisualStudioVersion = 10.0.40219.1
Project("{FAE04EC0-301F-11D3-BF4B-00C04F79EFBC}") = "i18n_l10n_MVC_NETCore", "i18n_l10n_MVC_NETCore\i18n_l10n_MVC_NETCore.csproj", "{6A65C281-E72B-444D-AC16-866EC69F6EFF}"
EndProject
Global
	GlobalSection(SolutionConfigurationPlatforms) = preSolution
		Debug|Any CPU = Debug|Any CPU
		Release|Any CPU = Release|Any CPU
	EndGlobalSection
	GlobalSection(ProjectConfigurationPlatforms) = postSolution
		{6A65C281-E72B-444D-AC16-866EC69F6EFF}.Debug|Any CPU.ActiveCfg = Debug|Any CPU
		{6A65C281-E72B-444D-AC16-866EC69F6EFF}.Debug|Any CPU.Build.0 = Debug|Any CPU
		{6A65C281-E72B-444D-AC16-866EC69F6EFF}.Release|Any CPU.ActiveCfg = Release|Any CPU
		{6A65C281-E72B-444D-AC16-866EC69F6EFF}.Release|Any CPU.Build.0 = Release|Any CPU
	EndGlobalSection
	GlobalSection(SolutionProperties) = preSolution
		HideSolutionNode = FALSE
	EndGlobalSection
	GlobalSection(ExtensibilityGlobals) = postSolution
		SolutionGuid = {FA42B17A-9FF6-47FA-AE51-E6DDFBD1B42C}
	EndGlobalSection
EndGlobal
